
Microsoft Visual Studio Solution File, Format Version 12.00
# Visual Studio Version 17
VisualStudioVersion = 17.1.32228.430
MinimumVisualStudioVersion = 10.0.40219.1
Project("{FAE04EC0-301F-11D3-BF4B-00C04F79EFBC}") = "Desafio_ProblemaAula10", "Desafio_ProblemaAula10\Desafio_ProblemaAula10.csproj", "{34E9F889-B429-46D0-8D0B-23B668C66636}"
EndProject
Global
	GlobalSection(SolutionConfigurationPlatforms) = preSolution
		Debug|Any CPU = Debug|Any CPU
		Release|Any CPU = Release|Any CPU
	EndGlobalSection
	GlobalSection(ProjectConfigurationPlatforms) = postSolution
		{34E9F889-B429-46D0-8D0B-23B668C66636}.Debug|Any CPU.ActiveCfg = Debug|Any CPU
		{34E9F889-B429-46D0-8D0B-23B668C66636}.Debug|Any CPU.Build.0 = Debug|Any CPU
		{34E9F889-B429-46D0-8D0B-23B668C66636}.Release|Any CPU.ActiveCfg = Release|Any CPU
		{34E9F889-B429-46D0-8D0B-23B668C66636}.Release|Any CPU.Build.0 = Release|Any CPU
	EndGlobalSection
	GlobalSection(SolutionProperties) = preSolution
		HideSolutionNode = FALSE
	EndGlobalSection
	GlobalSection(ExtensibilityGlobals) = postSolution
		SolutionGuid = {3A6A3D9C-4E6B-411F-8EB9-FC3B05C8C5F1}
	EndGlobalSection
EndGlobal
